// !$*UTF8*$!
{
	archiveVersion = 1;
	classes = {
	};
	objectVersion = 46;
	objects = {

/* Begin PBXBuildFile section */
		2E9F822F1F4C9342004B40CC /* main.c in Sources */ = {isa = PBXBuildFile; fileRef = 2E9F822E1F4C9342004B40CC /* main.c */; };
		2E9F82371F4C937A004B40CC /* rh.c in Sources */ = {isa = PBXBuildFile; fileRef = 2E9F82361F4C937A004B40CC /* rh.c */; };
/* End PBXBuildFile section */

/* Begin PBXCopyFilesBuildPhase section */
		2E9F82291F4C9342004B40CC /* CopyFiles */ = {
			isa = PBXCopyFilesBuildPhase;
			buildActionMask = 2147483647;
			dstPath = /usr/share/man/man1/;
			dstSubfolderSpec = 0;
			files = (
			);
			runOnlyForDeploymentPostprocessing = 1;
		};
/* End PBXCopyFilesBuildPhase section */

/* Begin PBXFileReference section */
		2E9F822B1F4C9342004B40CC /* recursiveexample */ = {isa = PBXFileReference; explicitFileType = "compiled.mach-o.executable"; includeInIndex = 0; path = recursiveexample; sourceTree = BUILT_PRODUCTS_DIR; };
		2E9F822E1F4C9342004B40CC /* main.c */ = {isa = PBXFileReference; lastKnownFileType = sourcecode.c.c; path = main.c; sourceTree = "<group>"; };
		2E9F82351F4C936E004B40CC /* rh.h */ = {isa = PBXFileReference; lastKnownFileType = sourcecode.c.h; path = rh.h; sourceTree = "<group>"; };
		2E9F82361F4C937A004B40CC /* rh.c */ = {isa = PBXFileReference; fileEncoding = 4; lastKnownFileType = sourcecode.c.c; path = rh.c; sourceTree = "<group>"; };
/* End PBXFileReference section */

/* Begin PBXFrameworksBuildPhase section */
		2E9F82281F4C9342004B40CC /* Frameworks */ = {
			isa = PBXFrameworksBuildPhase;
			buildActionMask = 2147483647;
			files = (
			);
			runOnlyForDeploymentPostprocessing = 0;
		};
/* End PBXFrameworksBuildPhase section */

/* Begin PBXGroup section */
		2E9F82221F4C9342004B40CC = {
			isa = PBXGroup;
			children = (
				2E9F822D1F4C9342004B40CC /* recursiveexample */,
				2E9F822C1F4C9342004B40CC /* Products */,
			);
			sourceTree = "<group>";
		};
		2E9F822C1F4C9342004B40CC /* Products */ = {
			isa = PBXGroup;
			children = (
				2E9F822B1F4C9342004B40CC /* recursiveexample */,
			);
			name = Products;
			sourceTree = "<group>";
		};
		2E9F822D1F4C9342004B40CC /* recursiveexample */ = {
			isa = PBXGroup;
			children = (
				2E9F822E1F4C9342004B40CC /* main.c */,
				2E9F82351F4C936E004B40CC /* rh.h */,
				2E9F82361F4C937A004B40CC /* rh.c */,
			);
			path = recursiveexample;
			sourceTree = "<group>";
		};
/* End PBXGroup section */

/* Begin PBXNativeTarget section */
		2E9F822A1F4C9342004B40CC /* recursiveexample */ = {
			isa = PBXNativeTarget;
			buildConfigurationList = 2E9F82321F4C9342004B40CC /* Build configuration list for PBXNativeTarget "recursiveexample" */;
			buildPhases = (
				2E9F82271F4C9342004B40CC /* Sources */,
				2E9F82281F4C9342004B40CC /* Frameworks */,
				2E9F82291F4C9342004B40CC /* CopyFiles */,
			);
			buildRules = (
			);
			dependencies = (
			);
			name = recursiveexample;
			productName = recursiveexample;
			productReference = 2E9F822B1F4C9342004B40CC /* recursiveexample */;
			productType = "com.apple.product-type.tool";
		};
/* End PBXNativeTarget section */

/* Begin PBXProject section */
		2E9F82231F4C9342004B40CC /* Project object */ = {
			isa = PBXProject;
			attributes = {
				LastUpgradeCheck = 0830;
				ORGANIZATIONNAME = "Kian Davoudi-Rad";
				TargetAttributes = {
					2E9F822A1F4C9342004B40CC = {
						CreatedOnToolsVersion = 8.3.3;
						DevelopmentTeam = 7Z59E8EDBY;
						ProvisioningStyle = Automatic;
					};
				};
			};
			buildConfigurationList = 2E9F82261F4C9342004B40CC /* Build configuration list for PBXProject "recursiveexample" */;
			compatibilityVersion = "Xcode 3.2";
			developmentRegion = English;
			hasScannedForEncodings = 0;
			knownRegions = (
				en,
			);
			mainGroup = 2E9F82221F4C9342004B40CC;
			productRefGroup = 2E9F822C1F4C9342004B40CC /* Products */;
			projectDirPath = "";
			projectRoot = "";
			targets = (
				2E9F822A1F4C9342004B40CC /* recursiveexample */,
			);
		};
/* End PBXProject section */

/* Begin PBXSourcesBuildPhase section */
		2E9F82271F4C9342004B40CC /* Sources */ = {
			isa = PBXSourcesBuildPhase;
			buildActionMask = 2147483647;
			files = (
				2E9F822F1F4C9342004B40CC /* main.c in Sources */,
				2E9F82371F4C937A004B40CC /* rh.c in Sources */,
			);
			runOnlyForDeploymentPostprocessing = 0;
		};
/* End PBXSourcesBuildPhase section */

/* Begin XCBuildConfiguration section */
		2E9F82301F4C9342004B40CC /* Debug */ = {
			isa = XCBuildConfiguration;
			buildSettings = {
				ALWAYS_SEARCH_USER_PATHS = NO;
				CLANG_ANALYZER_NONNULL = YES;
				CLANG_ANALYZER_NUMBER_OBJECT_CONVERSION = YES_AGGRESSIVE;
				CLANG_CXX_LANGUAGE_STANDARD = "gnu++0x";
				CLANG_CXX_LIBRARY = "libc++";
				CLANG_ENABLE_MODULES = YES;
				CLANG_ENABLE_OBJC_ARC = YES;
				CLANG_WARN_BOOL_CONVERSION = YES;
				CLANG_WARN_CONSTANT_CONVERSION = YES;
				CLANG_WARN_DIRECT_OBJC_ISA_USAGE = YES_ERROR;
				CLANG_WARN_DOCUMENTATION_COMMENTS = YES;
				CLANG_WARN_EMPTY_BODY = YES;
				CLANG_WARN_ENUM_CONVERSION = YES;
				CLANG_WARN_INFINITE_RECURSION = YES;
				CLANG_WARN_INT_CONVERSION = YES;
				CLANG_WARN_OBJC_ROOT_CLASS = YES_ERROR;
				CLANG_WARN_SUSPICIOUS_MOVE = YES;
				CLANG_WARN_UNREACHABLE_CODE = YES;
				CLANG_WARN__DUPLICATE_METHOD_MATCH = YES;
				CODE_SIGN_IDENTITY = "-";
				COPY_PHASE_STRIP = NO;
				DEBUG_INFORMATION_FORMAT = dwarf;
				ENABLE_STRICT_OBJC_MSGSEND = YES;
				ENABLE_TESTABILITY = YES;
				GCC_C_LANGUAGE_STANDARD = gnu99;
				GCC_DYNAMIC_NO_PIC = NO;
				GCC_NO_COMMON_BLOCKS = YES;
				GCC_OPTIMIZATION_LEVEL = 0;
				GCC_PREPROCESSOR_DEFINITIONS = (
					"DEBUG=1",
					"$(inherited)",
				);
				GCC_WARN_64_TO_32_BIT_CONVERSION = YES;
				GCC_WARN_ABOUT_RETURN_TYPE = YES_ERROR;
				GCC_WARN_UNDECLARED_SELECTOR = YES;
				GCC_WARN_UNINITIALIZED_AUTOS = YES_AGGRESSIVE;
				GCC_WARN_UNUSED_FUNCTION = YES;
				GCC_WARN_UNUSED_VARIABLE = YES;
				MACOSX_DEPLOYMENT_TARGET = 10.12;
				MTL_ENABLE_DEBUG_INFO = YES;
				ONLY_ACTIVE_ARCH = YES;
				SDKROOT = macosx;
			};
			name = Debug;
		};
		2E9F82311F4C9342004B40CC /* Release */ = {
			isa = XCBuildConfiguration;
			buildSettings = {
				ALWAYS_SEARCH_USER_PATHS = NO;
				CLANG_ANALYZER_NONNULL = YES;
				CLANG_ANALYZER_NUMBER_OBJECT_CONVERSION = YES_AGGRESSIVE;
				CLANG_CXX_LANGUAGE_STANDARD = "gnu++0x";
				CLANG_CXX_LIBRARY = "libc++";
				CLANG_ENABLE_MODULES = YES;
				CLANG_ENABLE_OBJC_ARC = YES;
				CLANG_WARN_BOOL_CONVERSION = YES;
				CLANG_WARN_CONSTANT_CONVERSION = YES;
				CLANG_WARN_DIRECT_OBJC_ISA_USAGE = YES_ERROR;
				CLANG_WARN_DOCUMENTATION_COMMENTS = YES;
				CLANG_WARN_EMPTY_BODY = YES;
				CLANG_WARN_ENUM_CONVERSION = YES;
				CLANG_WARN_INFINITE_RECURSION = YES;
				CLANG_WARN_INT_CONVERSION = YES;
				CLANG_WARN_OBJC_ROOT_CLASS = YES_ERROR;
				CLANG_WARN_SUSPICIOUS_MOVE = YES;
				CLANG_WARN_UNREACHABLE_CODE = YES;
				CLANG_WARN__DUPLICATE_METHOD_MATCH = YES;
				CODE_SIGN_IDENTITY = "-";
				COPY_PHASE_STRIP = NO;
				DEBUG_INFORMATION_FORMAT = "dwarf-with-dsym";
				ENABLE_NS_ASSERTIONS = NO;
				ENABLE_STRICT_OBJC_MSGSEND = YES;
				GCC_C_LANGUAGE_STANDARD = gnu99;
				GCC_NO_COMMON_BLOCKS = YES;
				GCC_WARN_64_TO_32_BIT_CONVERSION = YES;
				GCC_WARN_ABOUT_RETURN_TYPE = YES_ERROR;
				GCC_WARN_UNDECLARED_SELECTOR = YES;
				GCC_WARN_UNINITIALIZED_AUTOS = YES_AGGRESSIVE;
				GCC_WARN_UNUSED_FUNCTION = YES;
				GCC_WARN_UNUSED_VARIABLE = YES;
				MACOSX_DEPLOYMENT_TARGET = 10.12;
				MTL_ENABLE_DEBUG_INFO = NO;
				SDKROOT = macosx;
			};
			name = Release;
		};
		2E9F82331F4C9342004B40CC /* Debug */ = {
			isa = XCBuildConfiguration;
			buildSettings = {
				DEVELOPMENT_TEAM = 7Z59E8EDBY;
				PRODUCT_NAME = "$(TARGET_NAME)";
			};
			name = Debug;
		};
		2E9F82341F4C9342004B40CC /* Release */ = {
			isa = XCBuildConfiguration;
			buildSettings = {
				DEVELOPMENT_TEAM = 7Z59E8EDBY;
				PRODUCT_NAME = "$(TARGET_NAME)";
			};
			name = Release;
		};
/* End XCBuildConfiguration section */

/* Begin XCConfigurationList section */
		2E9F82261F4C9342004B40CC /* Build configuration list for PBXProject "recursiveexample" */ = {
			isa = XCConfigurationList;
			buildConfigurations = (
				2E9F82301F4C9342004B40CC /* Debug */,
				2E9F82311F4C9342004B40CC /* Release */,
			);
			defaultConfigurationIsVisible = 0;
			defaultConfigurationName = Release;
		};
		2E9F82321F4C9342004B40CC /* Build configuration list for PBXNativeTarget "recursiveexample" */ = {
			isa = XCConfigurationList;
			buildConfigurations = (
				2E9F82331F4C9342004B40CC /* Debug */,
				2E9F82341F4C9342004B40CC /* Release */,
			);
			defaultConfigurationIsVisible = 0;
		};
/* End XCConfigurationList section */
	};
	rootObject = 2E9F82231F4C9342004B40CC /* Project object */;
}
