// !$*UTF8*$!
{
	archiveVersion = 1;
	classes = {
	};
	objectVersion = 46;
	objects = {

/* Begin PBXBuildFile section */
		2E1BB47B1F4B5AF200CBFF41 /* main.m in Sources */ = {isa = PBXBuildFile; fileRef = 2E1BB47A1F4B5AF200CBFF41 /* main.m */; };
		2E1BB47E1F4B5AF200CBFF41 /* AppDelegate.m in Sources */ = {isa = PBXBuildFile; fileRef = 2E1BB47D1F4B5AF200CBFF41 /* AppDelegate.m */; };
		2E1BB4811F4B5AF200CBFF41 /* ViewController.m in Sources */ = {isa = PBXBuildFile; fileRef = 2E1BB4801F4B5AF200CBFF41 /* ViewController.m */; };
		2E1BB4841F4B5AF200CBFF41 /* Main.storyboard in Resources */ = {isa = PBXBuildFile; fileRef = 2E1BB4821F4B5AF200CBFF41 /* Main.storyboard */; };
		2E1BB4871F4B5AF200CBFF41 /* CoreDataHelloWorld.xcdatamodeld in Sources */ = {isa = PBXBuildFile; fileRef = 2E1BB4851F4B5AF200CBFF41 /* CoreDataHelloWorld.xcdatamodeld */; };
		2E1BB4891F4B5AF200CBFF41 /* Assets.xcassets in Resources */ = {isa = PBXBuildFile; fileRef = 2E1BB4881F4B5AF200CBFF41 /* Assets.xcassets */; };
		2E1BB48C1F4B5AF200CBFF41 /* LaunchScreen.storyboard in Resources */ = {isa = PBXBuildFile; fileRef = 2E1BB48A1F4B5AF200CBFF41 /* LaunchScreen.storyboard */; };
		2E1BB4971F4B5AF200CBFF41 /* CoreDataHelloWorldTests.m in Sources */ = {isa = PBXBuildFile; fileRef = 2E1BB4961F4B5AF200CBFF41 /* CoreDataHelloWorldTests.m */; };
		2E1BB4A21F4B5AF200CBFF41 /* CoreDataHelloWorldUITests.m in Sources */ = {isa = PBXBuildFile; fileRef = 2E1BB4A11F4B5AF200CBFF41 /* CoreDataHelloWorldUITests.m */; };
/* End PBXBuildFile section */

/* Begin PBXContainerItemProxy section */
		2E1BB4931F4B5AF200CBFF41 /* PBXContainerItemProxy */ = {
			isa = PBXContainerItemProxy;
			containerPortal = 2E1BB46E1F4B5AF200CBFF41 /* Project object */;
			proxyType = 1;
			remoteGlobalIDString = 2E1BB4751F4B5AF200CBFF41;
			remoteInfo = CoreDataHelloWorld;
		};
		2E1BB49E1F4B5AF200CBFF41 /* PBXContainerItemProxy */ = {
			isa = PBXContainerItemProxy;
			containerPortal = 2E1BB46E1F4B5AF200CBFF41 /* Project object */;
			proxyType = 1;
			remoteGlobalIDString = 2E1BB4751F4B5AF200CBFF41;
			remoteInfo = CoreDataHelloWorld;
		};
/* End PBXContainerItemProxy section */

/* Begin PBXFileReference section */
		2E1BB4761F4B5AF200CBFF41 /* CoreDataHelloWorld.app */ = {isa = PBXFileReference; explicitFileType = wrapper.application; includeInIndex = 0; path = CoreDataHelloWorld.app; sourceTree = BUILT_PRODUCTS_DIR; };
		2E1BB47A1F4B5AF200CBFF41 /* main.m */ = {isa = PBXFileReference; lastKnownFileType = sourcecode.c.objc; path = main.m; sourceTree = "<group>"; };
		2E1BB47C1F4B5AF200CBFF41 /* AppDelegate.h */ = {isa = PBXFileReference; lastKnownFileType = sourcecode.c.h; path = AppDelegate.h; sourceTree = "<group>"; };
		2E1BB47D1F4B5AF200CBFF41 /* AppDelegate.m */ = {isa = PBXFileReference; lastKnownFileType = sourcecode.c.objc; path = AppDelegate.m; sourceTree = "<group>"; };
		2E1BB47F1F4B5AF200CBFF41 /* ViewController.h */ = {isa = PBXFileReference; lastKnownFileType = sourcecode.c.h; path = ViewController.h; sourceTree = "<group>"; };
		2E1BB4801F4B5AF200CBFF41 /* ViewController.m */ = {isa = PBXFileReference; lastKnownFileType = sourcecode.c.objc; path = ViewController.m; sourceTree = "<group>"; };
		2E1BB4831F4B5AF200CBFF41 /* Base */ = {isa = PBXFileReference; lastKnownFileType = file.storyboard; name = Base; path = Base.lproj/Main.storyboard; sourceTree = "<group>"; };
		2E1BB4861F4B5AF200CBFF41 /* CoreDataHelloWorld.xcdatamodel */ = {isa = PBXFileReference; lastKnownFileType = wrapper.xcdatamodel; path = CoreDataHelloWorld.xcdatamodel; sourceTree = "<group>"; };
		2E1BB4881F4B5AF200CBFF41 /* Assets.xcassets */ = {isa = PBXFileReference; lastKnownFileType = folder.assetcatalog; path = Assets.xcassets; sourceTree = "<group>"; };
		2E1BB48B1F4B5AF200CBFF41 /* Base */ = {isa = PBXFileReference; lastKnownFileType = file.storyboard; name = Base; path = Base.lproj/LaunchScreen.storyboard; sourceTree = "<group>"; };
		2E1BB48D1F4B5AF200CBFF41 /* Info.plist */ = {isa = PBXFileReference; lastKnownFileType = text.plist.xml; path = Info.plist; sourceTree = "<group>"; };
		2E1BB4921F4B5AF200CBFF41 /* CoreDataHelloWorldTests.xctest */ = {isa = PBXFileReference; explicitFileType = wrapper.cfbundle; includeInIndex = 0; path = CoreDataHelloWorldTests.xctest; sourceTree = BUILT_PRODUCTS_DIR; };
		2E1BB4961F4B5AF200CBFF41 /* CoreDataHelloWorldTests.m */ = {isa = PBXFileReference; lastKnownFileType = sourcecode.c.objc; path = CoreDataHelloWorldTests.m; sourceTree = "<group>"; };
		2E1BB4981F4B5AF200CBFF41 /* Info.plist */ = {isa = PBXFileReference; lastKnownFileType = text.plist.xml; path = Info.plist; sourceTree = "<group>"; };
		2E1BB49D1F4B5AF200CBFF41 /* CoreDataHelloWorldUITests.xctest */ = {isa = PBXFileReference; explicitFileType = wrapper.cfbundle; includeInIndex = 0; path = CoreDataHelloWorldUITests.xctest; sourceTree = BUILT_PRODUCTS_DIR; };
		2E1BB4A11F4B5AF200CBFF41 /* CoreDataHelloWorldUITests.m */ = {isa = PBXFileReference; lastKnownFileType = sourcecode.c.objc; path = CoreDataHelloWorldUITests.m; sourceTree = "<group>"; };
		2E1BB4A31F4B5AF200CBFF41 /* Info.plist */ = {isa = PBXFileReference; lastKnownFileType = text.plist.xml; path = Info.plist; sourceTree = "<group>"; };
/* End PBXFileReference section */

/* Begin PBXFrameworksBuildPhase section */
		2E1BB4731F4B5AF200CBFF41 /* Frameworks */ = {
			isa = PBXFrameworksBuildPhase;
			buildActionMask = 2147483647;
			files = (
			);
			runOnlyForDeploymentPostprocessing = 0;
		};
		2E1BB48F1F4B5AF200CBFF41 /* Frameworks */ = {
			isa = PBXFrameworksBuildPhase;
			buildActionMask = 2147483647;
			files = (
			);
			runOnlyForDeploymentPostprocessing = 0;
		};
		2E1BB49A1F4B5AF200CBFF41 /* Frameworks */ = {
			isa = PBXFrameworksBuildPhase;
			buildActionMask = 2147483647;
			files = (
			);
			runOnlyForDeploymentPostprocessing = 0;
		};
/* End PBXFrameworksBuildPhase section */

/* Begin PBXGroup section */
		2E1BB46D1F4B5AF200CBFF41 = {
			isa = PBXGroup;
			children = (
				2E1BB4781F4B5AF200CBFF41 /* CoreDataHelloWorld */,
				2E1BB4951F4B5AF200CBFF41 /* CoreDataHelloWorldTests */,
				2E1BB4A01F4B5AF200CBFF41 /* CoreDataHelloWorldUITests */,
				2E1BB4771F4B5AF200CBFF41 /* Products */,
			);
			sourceTree = "<group>";
		};
		2E1BB4771F4B5AF200CBFF41 /* Products */ = {
			isa = PBXGroup;
			children = (
				2E1BB4761F4B5AF200CBFF41 /* CoreDataHelloWorld.app */,
				2E1BB4921F4B5AF200CBFF41 /* CoreDataHelloWorldTests.xctest */,
				2E1BB49D1F4B5AF200CBFF41 /* CoreDataHelloWorldUITests.xctest */,
			);
			name = Products;
			sourceTree = "<group>";
		};
		2E1BB4781F4B5AF200CBFF41 /* CoreDataHelloWorld */ = {
			isa = PBXGroup;
			children = (
				2E1BB47C1F4B5AF200CBFF41 /* AppDelegate.h */,
				2E1BB47D1F4B5AF200CBFF41 /* AppDelegate.m */,
				2E1BB47F1F4B5AF200CBFF41 /* ViewController.h */,
				2E1BB4801F4B5AF200CBFF41 /* ViewController.m */,
				2E1BB4821F4B5AF200CBFF41 /* Main.storyboard */,
				2E1BB4881F4B5AF200CBFF41 /* Assets.xcassets */,
				2E1BB48A1F4B5AF200CBFF41 /* LaunchScreen.storyboard */,
				2E1BB48D1F4B5AF200CBFF41 /* Info.plist */,
				2E1BB4851F4B5AF200CBFF41 /* CoreDataHelloWorld.xcdatamodeld */,
				2E1BB4791F4B5AF200CBFF41 /* Supporting Files */,
			);
			path = CoreDataHelloWorld;
			sourceTree = "<group>";
		};
		2E1BB4791F4B5AF200CBFF41 /* Supporting Files */ = {
			isa = PBXGroup;
			children = (
				2E1BB47A1F4B5AF200CBFF41 /* main.m */,
			);
			name = "Supporting Files";
			sourceTree = "<group>";
		};
		2E1BB4951F4B5AF200CBFF41 /* CoreDataHelloWorldTests */ = {
			isa = PBXGroup;
			children = (
				2E1BB4961F4B5AF200CBFF41 /* CoreDataHelloWorldTests.m */,
				2E1BB4981F4B5AF200CBFF41 /* Info.plist */,
			);
			path = CoreDataHelloWorldTests;
			sourceTree = "<group>";
		};
		2E1BB4A01F4B5AF200CBFF41 /* CoreDataHelloWorldUITests */ = {
			isa = PBXGroup;
			children = (
				2E1BB4A11F4B5AF200CBFF41 /* CoreDataHelloWorldUITests.m */,
				2E1BB4A31F4B5AF200CBFF41 /* Info.plist */,
			);
			path = CoreDataHelloWorldUITests;
			sourceTree = "<group>";
		};
/* End PBXGroup section */

/* Begin PBXNativeTarget section */
		2E1BB4751F4B5AF200CBFF41 /* CoreDataHelloWorld */ = {
			isa = PBXNativeTarget;
			buildConfigurationList = 2E1BB4A61F4B5AF200CBFF41 /* Build configuration list for PBXNativeTarget "CoreDataHelloWorld" */;
			buildPhases = (
				2E1BB4721F4B5AF200CBFF41 /* Sources */,
				2E1BB4731F4B5AF200CBFF41 /* Frameworks */,
				2E1BB4741F4B5AF200CBFF41 /* Resources */,
			);
			buildRules = (
			);
			dependencies = (
			);
			name = CoreDataHelloWorld;
			productName = CoreDataHelloWorld;
			productReference = 2E1BB4761F4B5AF200CBFF41 /* CoreDataHelloWorld.app */;
			productType = "com.apple.product-type.application";
		};
		2E1BB4911F4B5AF200CBFF41 /* CoreDataHelloWorldTests */ = {
			isa = PBXNativeTarget;
			buildConfigurationList = 2E1BB4A91F4B5AF200CBFF41 /* Build configuration list for PBXNativeTarget "CoreDataHelloWorldTests" */;
			buildPhases = (
				2E1BB48E1F4B5AF200CBFF41 /* Sources */,
				2E1BB48F1F4B5AF200CBFF41 /* Frameworks */,
				2E1BB4901F4B5AF200CBFF41 /* Resources */,
			);
			buildRules = (
			);
			dependencies = (
				2E1BB4941F4B5AF200CBFF41 /* PBXTargetDependency */,
			);
			name = CoreDataHelloWorldTests;
			productName = CoreDataHelloWorldTests;
			productReference = 2E1BB4921F4B5AF200CBFF41 /* CoreDataHelloWorldTests.xctest */;
			productType = "com.apple.product-type.bundle.unit-test";
		};
		2E1BB49C1F4B5AF200CBFF41 /* CoreDataHelloWorldUITests */ = {
			isa = PBXNativeTarget;
			buildConfigurationList = 2E1BB4AC1F4B5AF200CBFF41 /* Build configuration list for PBXNativeTarget "CoreDataHelloWorldUITests" */;
			buildPhases = (
				2E1BB4991F4B5AF200CBFF41 /* Sources */,
				2E1BB49A1F4B5AF200CBFF41 /* Frameworks */,
				2E1BB49B1F4B5AF200CBFF41 /* Resources */,
			);
			buildRules = (
			);
			dependencies = (
				2E1BB49F1F4B5AF200CBFF41 /* PBXTargetDependency */,
			);
			name = CoreDataHelloWorldUITests;
			productName = CoreDataHelloWorldUITests;
			productReference = 2E1BB49D1F4B5AF200CBFF41 /* CoreDataHelloWorldUITests.xctest */;
			productType = "com.apple.product-type.bundle.ui-testing";
		};
/* End PBXNativeTarget section */

/* Begin PBXProject section */
		2E1BB46E1F4B5AF200CBFF41 /* Project object */ = {
			isa = PBXProject;
			attributes = {
				LastUpgradeCheck = 0830;
				ORGANIZATIONNAME = "Kian Davoudi-Rad";
				TargetAttributes = {
					2E1BB4751F4B5AF200CBFF41 = {
						CreatedOnToolsVersion = 8.3.3;
						DevelopmentTeam = 7Z59E8EDBY;
						ProvisioningStyle = Automatic;
					};
					2E1BB4911F4B5AF200CBFF41 = {
						CreatedOnToolsVersion = 8.3.3;
						DevelopmentTeam = 7Z59E8EDBY;
						ProvisioningStyle = Automatic;
						TestTargetID = 2E1BB4751F4B5AF200CBFF41;
					};
					2E1BB49C1F4B5AF200CBFF41 = {
						CreatedOnToolsVersion = 8.3.3;
						DevelopmentTeam = 7Z59E8EDBY;
						ProvisioningStyle = Automatic;
						TestTargetID = 2E1BB4751F4B5AF200CBFF41;
					};
				};
			};
			buildConfigurationList = 2E1BB4711F4B5AF200CBFF41 /* Build configuration list for PBXProject "CoreDataHelloWorld" */;
			compatibilityVersion = "Xcode 3.2";
			developmentRegion = English;
			hasScannedForEncodings = 0;
			knownRegions = (
				en,
				Base,
			);
			mainGroup = 2E1BB46D1F4B5AF200CBFF41;
			productRefGroup = 2E1BB4771F4B5AF200CBFF41 /* Products */;
			projectDirPath = "";
			projectRoot = "";
			targets = (
				2E1BB4751F4B5AF200CBFF41 /* CoreDataHelloWorld */,
				2E1BB4911F4B5AF200CBFF41 /* CoreDataHelloWorldTests */,
				2E1BB49C1F4B5AF200CBFF41 /* CoreDataHelloWorldUITests */,
			);
		};
/* End PBXProject section */

/* Begin PBXResourcesBuildPhase section */
		2E1BB4741F4B5AF200CBFF41 /* Resources */ = {
			isa = PBXResourcesBuildPhase;
			buildActionMask = 2147483647;
			files = (
				2E1BB48C1F4B5AF200CBFF41 /* LaunchScreen.storyboard in Resources */,
				2E1BB4891F4B5AF200CBFF41 /* Assets.xcassets in Resources */,
				2E1BB4841F4B5AF200CBFF41 /* Main.storyboard in Resources */,
			);
			runOnlyForDeploymentPostprocessing = 0;
		};
		2E1BB4901F4B5AF200CBFF41 /* Resources */ = {
			isa = PBXResourcesBuildPhase;
			buildActionMask = 2147483647;
			files = (
			);
			runOnlyForDeploymentPostprocessing = 0;
		};
		2E1BB49B1F4B5AF200CBFF41 /* Resources */ = {
			isa = PBXResourcesBuildPhase;
			buildActionMask = 2147483647;
			files = (
			);
			runOnlyForDeploymentPostprocessing = 0;
		};
/* End PBXResourcesBuildPhase section */

/* Begin PBXSourcesBuildPhase section */
		2E1BB4721F4B5AF200CBFF41 /* Sources */ = {
			isa = PBXSourcesBuildPhase;
			buildActionMask = 2147483647;
			files = (
				2E1BB4811F4B5AF200CBFF41 /* ViewController.m in Sources */,
				2E1BB47E1F4B5AF200CBFF41 /* AppDelegate.m in Sources */,
				2E1BB4871F4B5AF200CBFF41 /* CoreDataHelloWorld.xcdatamodeld in Sources */,
				2E1BB47B1F4B5AF200CBFF41 /* main.m in Sources */,
			);
			runOnlyForDeploymentPostprocessing = 0;
		};
		2E1BB48E1F4B5AF200CBFF41 /* Sources */ = {
			isa = PBXSourcesBuildPhase;
			buildActionMask = 2147483647;
			files = (
				2E1BB4971F4B5AF200CBFF41 /* CoreDataHelloWorldTests.m in Sources */,
			);
			runOnlyForDeploymentPostprocessing = 0;
		};
		2E1BB4991F4B5AF200CBFF41 /* Sources */ = {
			isa = PBXSourcesBuildPhase;
			buildActionMask = 2147483647;
			files = (
				2E1BB4A21F4B5AF200CBFF41 /* CoreDataHelloWorldUITests.m in Sources */,
			);
			runOnlyForDeploymentPostprocessing = 0;
		};
/* End PBXSourcesBuildPhase section */

/* Begin PBXTargetDependency section */
		2E1BB4941F4B5AF200CBFF41 /* PBXTargetDependency */ = {
			isa = PBXTargetDependency;
			target = 2E1BB4751F4B5AF200CBFF41 /* CoreDataHelloWorld */;
			targetProxy = 2E1BB4931F4B5AF200CBFF41 /* PBXContainerItemProxy */;
		};
		2E1BB49F1F4B5AF200CBFF41 /* PBXTargetDependency */ = {
			isa = PBXTargetDependency;
			target = 2E1BB4751F4B5AF200CBFF41 /* CoreDataHelloWorld */;
			targetProxy = 2E1BB49E1F4B5AF200CBFF41 /* PBXContainerItemProxy */;
		};
/* End PBXTargetDependency section */

/* Begin PBXVariantGroup section */
		2E1BB4821F4B5AF200CBFF41 /* Main.storyboard */ = {
			isa = PBXVariantGroup;
			children = (
				2E1BB4831F4B5AF200CBFF41 /* Base */,
			);
			name = Main.storyboard;
			sourceTree = "<group>";
		};
		2E1BB48A1F4B5AF200CBFF41 /* LaunchScreen.storyboard */ = {
			isa = PBXVariantGroup;
			children = (
				2E1BB48B1F4B5AF200CBFF41 /* Base */,
			);
			name = LaunchScreen.storyboard;
			sourceTree = "<group>";
		};
/* End PBXVariantGroup section */

/* Begin XCBuildConfiguration section */
		2E1BB4A41F4B5AF200CBFF41 /* Debug */ = {
			isa = XCBuildConfiguration;
			buildSettings = {
				ALWAYS_SEARCH_USER_PATHS = NO;
				CLANG_ANALYZER_NONNULL = YES;
				CLANG_ANALYZER_NUMBER_OBJECT_CONVERSION = YES_AGGRESSIVE;
				CLANG_CXX_LANGUAGE_STANDARD = "gnu++0x";
				CLANG_CXX_LIBRARY = "libc++";
				CLANG_ENABLE_MODULES = YES;
				CLANG_ENABLE_OBJC_ARC = YES;
				CLANG_WARN_BOOL_CONVERSION = YES;
				CLANG_WARN_CONSTANT_CONVERSION = YES;
				CLANG_WARN_DIRECT_OBJC_ISA_USAGE = YES_ERROR;
				CLANG_WARN_DOCUMENTATION_COMMENTS = YES;
				CLANG_WARN_EMPTY_BODY = YES;
				CLANG_WARN_ENUM_CONVERSION = YES;
				CLANG_WARN_INFINITE_RECURSION = YES;
				CLANG_WARN_INT_CONVERSION = YES;
				CLANG_WARN_OBJC_ROOT_CLASS = YES_ERROR;
				CLANG_WARN_SUSPICIOUS_MOVE = YES;
				CLANG_WARN_UNREACHABLE_CODE = YES;
				CLANG_WARN__DUPLICATE_METHOD_MATCH = YES;
				"CODE_SIGN_IDENTITY[sdk=iphoneos*]" = "iPhone Developer";
				COPY_PHASE_STRIP = NO;
				DEBUG_INFORMATION_FORMAT = dwarf;
				ENABLE_STRICT_OBJC_MSGSEND = YES;
				ENABLE_TESTABILITY = YES;
				GCC_C_LANGUAGE_STANDARD = gnu99;
				GCC_DYNAMIC_NO_PIC = NO;
				GCC_NO_COMMON_BLOCKS = YES;
				GCC_OPTIMIZATION_LEVEL = 0;
				GCC_PREPROCESSOR_DEFINITIONS = (
					"DEBUG=1",
					"$(inherited)",
				);
				GCC_WARN_64_TO_32_BIT_CONVERSION = YES;
				GCC_WARN_ABOUT_RETURN_TYPE = YES_ERROR;
				GCC_WARN_UNDECLARED_SELECTOR = YES;
				GCC_WARN_UNINITIALIZED_AUTOS = YES_AGGRESSIVE;
				GCC_WARN_UNUSED_FUNCTION = YES;
				GCC_WARN_UNUSED_VARIABLE = YES;
				IPHONEOS_DEPLOYMENT_TARGET = 10.3;
				MTL_ENABLE_DEBUG_INFO = YES;
				ONLY_ACTIVE_ARCH = YES;
				SDKROOT = iphoneos;
				TARGETED_DEVICE_FAMILY = "1,2";
			};
			name = Debug;
		};
		2E1BB4A51F4B5AF200CBFF41 /* Release */ = {
			isa = XCBuildConfiguration;
			buildSettings = {
				ALWAYS_SEARCH_USER_PATHS = NO;
				CLANG_ANALYZER_NONNULL = YES;
				CLANG_ANALYZER_NUMBER_OBJECT_CONVERSION = YES_AGGRESSIVE;
				CLANG_CXX_LANGUAGE_STANDARD = "gnu++0x";
				CLANG_CXX_LIBRARY = "libc++";
				CLANG_ENABLE_MODULES = YES;
				CLANG_ENABLE_OBJC_ARC = YES;
				CLANG_WARN_BOOL_CONVERSION = YES;
				CLANG_WARN_CONSTANT_CONVERSION = YES;
				CLANG_WARN_DIRECT_OBJC_ISA_USAGE = YES_ERROR;
				CLANG_WARN_DOCUMENTATION_COMMENTS = YES;
				CLANG_WARN_EMPTY_BODY = YES;
				CLANG_WARN_ENUM_CONVERSION = YES;
				CLANG_WARN_INFINITE_RECURSION = YES;
				CLANG_WARN_INT_CONVERSION = YES;
				CLANG_WARN_OBJC_ROOT_CLASS = YES_ERROR;
				CLANG_WARN_SUSPICIOUS_MOVE = YES;
				CLANG_WARN_UNREACHABLE_CODE = YES;
				CLANG_WARN__DUPLICATE_METHOD_MATCH = YES;
				"CODE_SIGN_IDENTITY[sdk=iphoneos*]" = "iPhone Developer";
				COPY_PHASE_STRIP = NO;
				DEBUG_INFORMATION_FORMAT = "dwarf-with-dsym";
				ENABLE_NS_ASSERTIONS = NO;
				ENABLE_STRICT_OBJC_MSGSEND = YES;
				GCC_C_LANGUAGE_STANDARD = gnu99;
				GCC_NO_COMMON_BLOCKS = YES;
				GCC_WARN_64_TO_32_BIT_CONVERSION = YES;
				GCC_WARN_ABOUT_RETURN_TYPE = YES_ERROR;
				GCC_WARN_UNDECLARED_SELECTOR = YES;
				GCC_WARN_UNINITIALIZED_AUTOS = YES_AGGRESSIVE;
				GCC_WARN_UNUSED_FUNCTION = YES;
				GCC_WARN_UNUSED_VARIABLE = YES;
				IPHONEOS_DEPLOYMENT_TARGET = 10.3;
				MTL_ENABLE_DEBUG_INFO = NO;
				SDKROOT = iphoneos;
				TARGETED_DEVICE_FAMILY = "1,2";
				VALIDATE_PRODUCT = YES;
			};
			name = Release;
		};
		2E1BB4A71F4B5AF200CBFF41 /* Debug */ = {
			isa = XCBuildConfiguration;
			buildSettings = {
				ASSETCATALOG_COMPILER_APPICON_NAME = AppIcon;
				DEVELOPMENT_TEAM = 7Z59E8EDBY;
				INFOPLIST_FILE = CoreDataHelloWorld/Info.plist;
				LD_RUNPATH_SEARCH_PATHS = "$(inherited) @executable_path/Frameworks";
				PRODUCT_BUNDLE_IDENTIFIER = kdr.CoreDataHelloWorld;
				PRODUCT_NAME = "$(TARGET_NAME)";
			};
			name = Debug;
		};
		2E1BB4A81F4B5AF200CBFF41 /* Release */ = {
			isa = XCBuildConfiguration;
			buildSettings = {
				ASSETCATALOG_COMPILER_APPICON_NAME = AppIcon;
				DEVELOPMENT_TEAM = 7Z59E8EDBY;
				INFOPLIST_FILE = CoreDataHelloWorld/Info.plist;
				LD_RUNPATH_SEARCH_PATHS = "$(inherited) @executable_path/Frameworks";
				PRODUCT_BUNDLE_IDENTIFIER = kdr.CoreDataHelloWorld;
				PRODUCT_NAME = "$(TARGET_NAME)";
			};
			name = Release;
		};
		2E1BB4AA1F4B5AF200CBFF41 /* Debug */ = {
			isa = XCBuildConfiguration;
			buildSettings = {
				BUNDLE_LOADER = "$(TEST_HOST)";
				DEVELOPMENT_TEAM = 7Z59E8EDBY;
				INFOPLIST_FILE = CoreDataHelloWorldTests/Info.plist;
				LD_RUNPATH_SEARCH_PATHS = "$(inherited) @executable_path/Frameworks @loader_path/Frameworks";
				PRODUCT_BUNDLE_IDENTIFIER = kdr.CoreDataHelloWorldTests;
				PRODUCT_NAME = "$(TARGET_NAME)";
				TEST_HOST = "$(BUILT_PRODUCTS_DIR)/CoreDataHelloWorld.app/CoreDataHelloWorld";
			};
			name = Debug;
		};
		2E1BB4AB1F4B5AF200CBFF41 /* Release */ = {
			isa = XCBuildConfiguration;
			buildSettings = {
				BUNDLE_LOADER = "$(TEST_HOST)";
				DEVELOPMENT_TEAM = 7Z59E8EDBY;
				INFOPLIST_FILE = CoreDataHelloWorldTests/Info.plist;
				LD_RUNPATH_SEARCH_PATHS = "$(inherited) @executable_path/Frameworks @loader_path/Frameworks";
				PRODUCT_BUNDLE_IDENTIFIER = kdr.CoreDataHelloWorldTests;
				PRODUCT_NAME = "$(TARGET_NAME)";
				TEST_HOST = "$(BUILT_PRODUCTS_DIR)/CoreDataHelloWorld.app/CoreDataHelloWorld";
			};
			name = Release;
		};
		2E1BB4AD1F4B5AF200CBFF41 /* Debug */ = {
			isa = XCBuildConfiguration;
			buildSettings = {
				DEVELOPMENT_TEAM = 7Z59E8EDBY;
				INFOPLIST_FILE = CoreDataHelloWorldUITests/Info.plist;
				LD_RUNPATH_SEARCH_PATHS = "$(inherited) @executable_path/Frameworks @loader_path/Frameworks";
				PRODUCT_BUNDLE_IDENTIFIER = kdr.CoreDataHelloWorldUITests;
				PRODUCT_NAME = "$(TARGET_NAME)";
				TEST_TARGET_NAME = CoreDataHelloWorld;
			};
			name = Debug;
		};
		2E1BB4AE1F4B5AF200CBFF41 /* Release */ = {
			isa = XCBuildConfiguration;
			buildSettings = {
				DEVELOPMENT_TEAM = 7Z59E8EDBY;
				INFOPLIST_FILE = CoreDataHelloWorldUITests/Info.plist;
				LD_RUNPATH_SEARCH_PATHS = "$(inherited) @executable_path/Frameworks @loader_path/Frameworks";
				PRODUCT_BUNDLE_IDENTIFIER = kdr.CoreDataHelloWorldUITests;
				PRODUCT_NAME = "$(TARGET_NAME)";
				TEST_TARGET_NAME = CoreDataHelloWorld;
			};
			name = Release;
		};
/* End XCBuildConfiguration section */

/* Begin XCConfigurationList section */
		2E1BB4711F4B5AF200CBFF41 /* Build configuration list for PBXProject "CoreDataHelloWorld" */ = {
			isa = XCConfigurationList;
			buildConfigurations = (
				2E1BB4A41F4B5AF200CBFF41 /* Debug */,
				2E1BB4A51F4B5AF200CBFF41 /* Release */,
			);
			defaultConfigurationIsVisible = 0;
			defaultConfigurationName = Release;
		};
		2E1BB4A61F4B5AF200CBFF41 /* Build configuration list for PBXNativeTarget "CoreDataHelloWorld" */ = {
			isa = XCConfigurationList;
			buildConfigurations = (
				2E1BB4A71F4B5AF200CBFF41 /* Debug */,
				2E1BB4A81F4B5AF200CBFF41 /* Release */,
			);
			defaultConfigurationIsVisible = 0;
		};
		2E1BB4A91F4B5AF200CBFF41 /* Build configuration list for PBXNativeTarget "CoreDataHelloWorldTests" */ = {
			isa = XCConfigurationList;
			buildConfigurations = (
				2E1BB4AA1F4B5AF200CBFF41 /* Debug */,
				2E1BB4AB1F4B5AF200CBFF41 /* Release */,
			);
			defaultConfigurationIsVisible = 0;
		};
		2E1BB4AC1F4B5AF200CBFF41 /* Build configuration list for PBXNativeTarget "CoreDataHelloWorldUITests" */ = {
			isa = XCConfigurationList;
			buildConfigurations = (
				2E1BB4AD1F4B5AF200CBFF41 /* Debug */,
				2E1BB4AE1F4B5AF200CBFF41 /* Release */,
			);
			defaultConfigurationIsVisible = 0;
		};
/* End XCConfigurationList section */

/* Begin XCVersionGroup section */
		2E1BB4851F4B5AF200CBFF41 /* CoreDataHelloWorld.xcdatamodeld */ = {
			isa = XCVersionGroup;
			children = (
				2E1BB4861F4B5AF200CBFF41 /* CoreDataHelloWorld.xcdatamodel */,
			);
			currentVersion = 2E1BB4861F4B5AF200CBFF41 /* CoreDataHelloWorld.xcdatamodel */;
			path = CoreDataHelloWorld.xcdatamodeld;
			sourceTree = "<group>";
			versionGroupType = wrapper.xcdatamodel;
		};
/* End XCVersionGroup section */
	};
	rootObject = 2E1BB46E1F4B5AF200CBFF41 /* Project object */;
}
