// !$*UTF8*$!
{
	archiveVersion = 1;
	classes = {
	};
	objectVersion = 46;
	objects = {

/* Begin PBXBuildFile section */
		2E2ECC4B1F630D99006F9288 /* main.c in Sources */ = {isa = PBXBuildFile; fileRef = 2E2ECC4A1F630D99006F9288 /* main.c */; };
		2E2ECC531F630DA6006F9288 /* is.c in Sources */ = {isa = PBXBuildFile; fileRef = 2E2ECC511F630DA6006F9288 /* is.c */; };
/* End PBXBuildFile section */

/* Begin PBXCopyFilesBuildPhase section */
		2E2ECC451F630D99006F9288 /* CopyFiles */ = {
			isa = PBXCopyFilesBuildPhase;
			buildActionMask = 2147483647;
			dstPath = /usr/share/man/man1/;
			dstSubfolderSpec = 0;
			files = (
			);
			runOnlyForDeploymentPostprocessing = 1;
		};
/* End PBXCopyFilesBuildPhase section */

/* Begin PBXFileReference section */
		2E2ECC471F630D99006F9288 /* increaseString */ = {isa = PBXFileReference; explicitFileType = "compiled.mach-o.executable"; includeInIndex = 0; path = increaseString; sourceTree = BUILT_PRODUCTS_DIR; };
		2E2ECC4A1F630D99006F9288 /* main.c */ = {isa = PBXFileReference; lastKnownFileType = sourcecode.c.c; path = main.c; sourceTree = "<group>"; };
		2E2ECC511F630DA6006F9288 /* is.c */ = {isa = PBXFileReference; fileEncoding = 4; lastKnownFileType = sourcecode.c.c; path = is.c; sourceTree = "<group>"; };
		2E2ECC521F630DA6006F9288 /* is.h */ = {isa = PBXFileReference; fileEncoding = 4; lastKnownFileType = sourcecode.c.h; path = is.h; sourceTree = "<group>"; };
/* End PBXFileReference section */

/* Begin PBXFrameworksBuildPhase section */
		2E2ECC441F630D99006F9288 /* Frameworks */ = {
			isa = PBXFrameworksBuildPhase;
			buildActionMask = 2147483647;
			files = (
			);
			runOnlyForDeploymentPostprocessing = 0;
		};
/* End PBXFrameworksBuildPhase section */

/* Begin PBXGroup section */
		2E2ECC3E1F630D99006F9288 = {
			isa = PBXGroup;
			children = (
				2E2ECC491F630D99006F9288 /* increaseString */,
				2E2ECC481F630D99006F9288 /* Products */,
			);
			sourceTree = "<group>";
		};
		2E2ECC481F630D99006F9288 /* Products */ = {
			isa = PBXGroup;
			children = (
				2E2ECC471F630D99006F9288 /* increaseString */,
			);
			name = Products;
			sourceTree = "<group>";
		};
		2E2ECC491F630D99006F9288 /* increaseString */ = {
			isa = PBXGroup;
			children = (
				2E2ECC4A1F630D99006F9288 /* main.c */,
				2E2ECC511F630DA6006F9288 /* is.c */,
				2E2ECC521F630DA6006F9288 /* is.h */,
			);
			path = increaseString;
			sourceTree = "<group>";
		};
/* End PBXGroup section */

/* Begin PBXNativeTarget section */
		2E2ECC461F630D99006F9288 /* increaseString */ = {
			isa = PBXNativeTarget;
			buildConfigurationList = 2E2ECC4E1F630D99006F9288 /* Build configuration list for PBXNativeTarget "increaseString" */;
			buildPhases = (
				2E2ECC431F630D99006F9288 /* Sources */,
				2E2ECC441F630D99006F9288 /* Frameworks */,
				2E2ECC451F630D99006F9288 /* CopyFiles */,
			);
			buildRules = (
			);
			dependencies = (
			);
			name = increaseString;
			productName = increaseString;
			productReference = 2E2ECC471F630D99006F9288 /* increaseString */;
			productType = "com.apple.product-type.tool";
		};
/* End PBXNativeTarget section */

/* Begin PBXProject section */
		2E2ECC3F1F630D99006F9288 /* Project object */ = {
			isa = PBXProject;
			attributes = {
				LastUpgradeCheck = 0830;
				ORGANIZATIONNAME = "Kian Davoudi-Rad";
				TargetAttributes = {
					2E2ECC461F630D99006F9288 = {
						CreatedOnToolsVersion = 8.3.3;
						DevelopmentTeam = 7Z59E8EDBY;
						ProvisioningStyle = Automatic;
					};
				};
			};
			buildConfigurationList = 2E2ECC421F630D99006F9288 /* Build configuration list for PBXProject "increaseString" */;
			compatibilityVersion = "Xcode 3.2";
			developmentRegion = English;
			hasScannedForEncodings = 0;
			knownRegions = (
				en,
			);
			mainGroup = 2E2ECC3E1F630D99006F9288;
			productRefGroup = 2E2ECC481F630D99006F9288 /* Products */;
			projectDirPath = "";
			projectRoot = "";
			targets = (
				2E2ECC461F630D99006F9288 /* increaseString */,
			);
		};
/* End PBXProject section */

/* Begin PBXSourcesBuildPhase section */
		2E2ECC431F630D99006F9288 /* Sources */ = {
			isa = PBXSourcesBuildPhase;
			buildActionMask = 2147483647;
			files = (
				2E2ECC4B1F630D99006F9288 /* main.c in Sources */,
				2E2ECC531F630DA6006F9288 /* is.c in Sources */,
			);
			runOnlyForDeploymentPostprocessing = 0;
		};
/* End PBXSourcesBuildPhase section */

/* Begin XCBuildConfiguration section */
		2E2ECC4C1F630D99006F9288 /* Debug */ = {
			isa = XCBuildConfiguration;
			buildSettings = {
				ALWAYS_SEARCH_USER_PATHS = NO;
				CLANG_ANALYZER_NONNULL = YES;
				CLANG_ANALYZER_NUMBER_OBJECT_CONVERSION = YES_AGGRESSIVE;
				CLANG_CXX_LANGUAGE_STANDARD = "gnu++0x";
				CLANG_CXX_LIBRARY = "libc++";
				CLANG_ENABLE_MODULES = YES;
				CLANG_ENABLE_OBJC_ARC = YES;
				CLANG_WARN_BOOL_CONVERSION = YES;
				CLANG_WARN_CONSTANT_CONVERSION = YES;
				CLANG_WARN_DIRECT_OBJC_ISA_USAGE = YES_ERROR;
				CLANG_WARN_DOCUMENTATION_COMMENTS = YES;
				CLANG_WARN_EMPTY_BODY = YES;
				CLANG_WARN_ENUM_CONVERSION = YES;
				CLANG_WARN_INFINITE_RECURSION = YES;
				CLANG_WARN_INT_CONVERSION = YES;
				CLANG_WARN_OBJC_ROOT_CLASS = YES_ERROR;
				CLANG_WARN_SUSPICIOUS_MOVE = YES;
				CLANG_WARN_UNREACHABLE_CODE = YES;
				CLANG_WARN__DUPLICATE_METHOD_MATCH = YES;
				CODE_SIGN_IDENTITY = "-";
				COPY_PHASE_STRIP = NO;
				DEBUG_INFORMATION_FORMAT = dwarf;
				ENABLE_STRICT_OBJC_MSGSEND = YES;
				ENABLE_TESTABILITY = YES;
				GCC_C_LANGUAGE_STANDARD = gnu99;
				GCC_DYNAMIC_NO_PIC = NO;
				GCC_NO_COMMON_BLOCKS = YES;
				GCC_OPTIMIZATION_LEVEL = 0;
				GCC_PREPROCESSOR_DEFINITIONS = (
					"DEBUG=1",
					"$(inherited)",
				);
				GCC_WARN_64_TO_32_BIT_CONVERSION = YES;
				GCC_WARN_ABOUT_RETURN_TYPE = YES_ERROR;
				GCC_WARN_UNDECLARED_SELECTOR = YES;
				GCC_WARN_UNINITIALIZED_AUTOS = YES_AGGRESSIVE;
				GCC_WARN_UNUSED_FUNCTION = YES;
				GCC_WARN_UNUSED_VARIABLE = YES;
				MACOSX_DEPLOYMENT_TARGET = 10.12;
				MTL_ENABLE_DEBUG_INFO = YES;
				ONLY_ACTIVE_ARCH = YES;
				SDKROOT = macosx;
			};
			name = Debug;
		};
		2E2ECC4D1F630D99006F9288 /* Release */ = {
			isa = XCBuildConfiguration;
			buildSettings = {
				ALWAYS_SEARCH_USER_PATHS = NO;
				CLANG_ANALYZER_NONNULL = YES;
				CLANG_ANALYZER_NUMBER_OBJECT_CONVERSION = YES_AGGRESSIVE;
				CLANG_CXX_LANGUAGE_STANDARD = "gnu++0x";
				CLANG_CXX_LIBRARY = "libc++";
				CLANG_ENABLE_MODULES = YES;
				CLANG_ENABLE_OBJC_ARC = YES;
				CLANG_WARN_BOOL_CONVERSION = YES;
				CLANG_WARN_CONSTANT_CONVERSION = YES;
				CLANG_WARN_DIRECT_OBJC_ISA_USAGE = YES_ERROR;
				CLANG_WARN_DOCUMENTATION_COMMENTS = YES;
				CLANG_WARN_EMPTY_BODY = YES;
				CLANG_WARN_ENUM_CONVERSION = YES;
				CLANG_WARN_INFINITE_RECURSION = YES;
				CLANG_WARN_INT_CONVERSION = YES;
				CLANG_WARN_OBJC_ROOT_CLASS = YES_ERROR;
				CLANG_WARN_SUSPICIOUS_MOVE = YES;
				CLANG_WARN_UNREACHABLE_CODE = YES;
				CLANG_WARN__DUPLICATE_METHOD_MATCH = YES;
				CODE_SIGN_IDENTITY = "-";
				COPY_PHASE_STRIP = NO;
				DEBUG_INFORMATION_FORMAT = "dwarf-with-dsym";
				ENABLE_NS_ASSERTIONS = NO;
				ENABLE_STRICT_OBJC_MSGSEND = YES;
				GCC_C_LANGUAGE_STANDARD = gnu99;
				GCC_NO_COMMON_BLOCKS = YES;
				GCC_WARN_64_TO_32_BIT_CONVERSION = YES;
				GCC_WARN_ABOUT_RETURN_TYPE = YES_ERROR;
				GCC_WARN_UNDECLARED_SELECTOR = YES;
				GCC_WARN_UNINITIALIZED_AUTOS = YES_AGGRESSIVE;
				GCC_WARN_UNUSED_FUNCTION = YES;
				GCC_WARN_UNUSED_VARIABLE = YES;
				MACOSX_DEPLOYMENT_TARGET = 10.12;
				MTL_ENABLE_DEBUG_INFO = NO;
				SDKROOT = macosx;
			};
			name = Release;
		};
		2E2ECC4F1F630D99006F9288 /* Debug */ = {
			isa = XCBuildConfiguration;
			buildSettings = {
				DEVELOPMENT_TEAM = 7Z59E8EDBY;
				PRODUCT_NAME = "$(TARGET_NAME)";
			};
			name = Debug;
		};
		2E2ECC501F630D99006F9288 /* Release */ = {
			isa = XCBuildConfiguration;
			buildSettings = {
				DEVELOPMENT_TEAM = 7Z59E8EDBY;
				PRODUCT_NAME = "$(TARGET_NAME)";
			};
			name = Release;
		};
/* End XCBuildConfiguration section */

/* Begin XCConfigurationList section */
		2E2ECC421F630D99006F9288 /* Build configuration list for PBXProject "increaseString" */ = {
			isa = XCConfigurationList;
			buildConfigurations = (
				2E2ECC4C1F630D99006F9288 /* Debug */,
				2E2ECC4D1F630D99006F9288 /* Release */,
			);
			defaultConfigurationIsVisible = 0;
			defaultConfigurationName = Release;
		};
		2E2ECC4E1F630D99006F9288 /* Build configuration list for PBXNativeTarget "increaseString" */ = {
			isa = XCConfigurationList;
			buildConfigurations = (
				2E2ECC4F1F630D99006F9288 /* Debug */,
				2E2ECC501F630D99006F9288 /* Release */,
			);
			defaultConfigurationIsVisible = 0;
		};
/* End XCConfigurationList section */
	};
	rootObject = 2E2ECC3F1F630D99006F9288 /* Project object */;
}
