
Microsoft Visual Studio Solution File, Format Version 12.00
# Visual Studio 14
VisualStudioVersion = 14.0.25420.1
MinimumVisualStudioVersion = 10.0.40219.1
Project("{FAE04EC0-301F-11D3-BF4B-00C04F79EFBC}") = "cSharpTesting", "cSharpTesting\cSharpTesting.csproj", "{6068761A-7FD6-4CA8-9803-7CF6887E0423}"
EndProject
Project("{FAE04EC0-301F-11D3-BF4B-00C04F79EFBC}") = "cSharpTestingMainProject", "cSharpTestingMainProject\cSharpTestingMainProject.csproj", "{41B9B172-3343-465E-8045-29AE7A786265}"
EndProject
Global
	GlobalSection(SolutionConfigurationPlatforms) = preSolution
		Debug|Any CPU = Debug|Any CPU
		Release|Any CPU = Release|Any CPU
	EndGlobalSection
	GlobalSection(ProjectConfigurationPlatforms) = postSolution
		{6068761A-7FD6-4CA8-9803-7CF6887E0423}.Debug|Any CPU.ActiveCfg = Debug|Any CPU
		{6068761A-7FD6-4CA8-9803-7CF6887E0423}.Debug|Any CPU.Build.0 = Debug|Any CPU
		{6068761A-7FD6-4CA8-9803-7CF6887E0423}.Release|Any CPU.ActiveCfg = Release|Any CPU
		{6068761A-7FD6-4CA8-9803-7CF6887E0423}.Release|Any CPU.Build.0 = Release|Any CPU
		{41B9B172-3343-465E-8045-29AE7A786265}.Debug|Any CPU.ActiveCfg = Debug|Any CPU
		{41B9B172-3343-465E-8045-29AE7A786265}.Debug|Any CPU.Build.0 = Debug|Any CPU
		{41B9B172-3343-465E-8045-29AE7A786265}.Release|Any CPU.ActiveCfg = Release|Any CPU
		{41B9B172-3343-465E-8045-29AE7A786265}.Release|Any CPU.Build.0 = Release|Any CPU
	EndGlobalSection
	GlobalSection(SolutionProperties) = preSolution
		HideSolutionNode = FALSE
	EndGlobalSection
EndGlobal
